
Microsoft Visual Studio Solution File, Format Version 12.00
# Visual Studio Version 17
VisualStudioVersion = 17.14.36623.8 d17.14
MinimumVisualStudioVersion = 10.0.40219.1
Project("{888888A0-9F3D-457C-B088-3A5042F75D52}") = "TaskManager", "TaskManager\TaskManager.pyproj", "{EB2F664A-E22C-4D11-B86B-F2942AD88E40}"
EndProject
Global
	GlobalSection(SolutionConfigurationPlatforms) = preSolution
		Debug|Any CPU = Debug|Any CPU
		Release|Any CPU = Release|Any CPU
	EndGlobalSection
	GlobalSection(ProjectConfigurationPlatforms) = postSolution
		{EB2F664A-E22C-4D11-B86B-F2942AD88E40}.Debug|Any CPU.ActiveCfg = Debug|Any CPU
		{EB2F664A-E22C-4D11-B86B-F2942AD88E40}.Release|Any CPU.ActiveCfg = Release|Any CPU
	EndGlobalSection
	GlobalSection(SolutionProperties) = preSolution
		HideSolutionNode = FALSE
	EndGlobalSection
	GlobalSection(ExtensibilityGlobals) = postSolution
		SolutionGuid = {8B404718-8E15-426F-B234-F9142DF1E165}
	EndGlobalSection
EndGlobal
